
Microsoft Visual Studio Solution File, Format Version 12.00
# Visual Studio 15
VisualStudioVersion = 15.0.27004.2008
MinimumVisualStudioVersion = 10.0.40219.1
Project("{9A19103F-16F7-4668-BE54-9A1E7A4F7556}") = "MyCompiler.RegularExpressionApp", "MyCompiler\MyCompiler.RegularExpressionApp.csproj", "{14E9CCD2-B2D2-4AC4-BF43-E0299FE8DF70}"
EndProject
Project("{9A19103F-16F7-4668-BE54-9A1E7A4F7556}") = "MyCompiler.Core", "MyCompiler.Core\MyCompiler.Core.csproj", "{3AB1E7BF-6492-4A1A-9D0F-A844EBB311B0}"
EndProject
Project("{9A19103F-16F7-4668-BE54-9A1E7A4F7556}") = "MyCompiler.TinyApp", "MyCompiler.Tiny\MyCompiler.TinyApp.csproj", "{C71EC9FF-67CC-41CE-935C-64673C164F51}"
EndProject
Project("{9A19103F-16F7-4668-BE54-9A1E7A4F7556}") = "MyCompiler.TopDownApp", "MyCompiler.TopDownApp\MyCompiler.TopDownApp.csproj", "{193AAB04-9A35-43D7-AC46-4A779F11E5BC}"
EndProject
Project("{2150E333-8FDC-42A3-9474-1A3956D46DE8}") = "Applications", "Applications", "{D9AB63DF-3859-4866-9C30-3CEC0D82BD7B}"
EndProject
Project("{9A19103F-16F7-4668-BE54-9A1E7A4F7556}") = "MyCompiler.Tokenization", "MyCompiler.Tokenization\MyCompiler.Tokenization.csproj", "{A4C5741B-D3F4-430D-AD40-66F2232A5B9B}"
EndProject
Project("{9A19103F-16F7-4668-BE54-9A1E7A4F7556}") = "MyCompiler.Parser", "MyCompiler.Parser\MyCompiler.Parser.csproj", "{99A3B77C-4F0A-4894-B1EE-0B4265E07C07}"
EndProject
Project("{9A19103F-16F7-4668-BE54-9A1E7A4F7556}") = "MyCompiler.Grammar", "MyCompiler.Grammar\MyCompiler.Grammar.csproj", "{3195F270-4204-46DB-B638-71432D0036A9}"
EndProject
Project("{2150E333-8FDC-42A3-9474-1A3956D46DE8}") = "Web", "Web", "{051956FD-5560-4408-BF51-371015D00651}"
EndProject
Project("{9A19103F-16F7-4668-BE54-9A1E7A4F7556}") = "MyCompiler.WebApp.Server", "MyCompiler.WebApp.Server\MyCompiler.WebApp.Server.csproj", "{32BA6901-981C-4ECC-A921-44B012458E17}"
EndProject
Project("{9A19103F-16F7-4668-BE54-9A1E7A4F7556}") = "MyCompiler.WebApp.Client", "MyCompiler.WebApp.Client\MyCompiler.WebApp.Client.csproj", "{0D8F8498-95FD-4E63-9C73-61AFF5049AE4}"
EndProject
Project("{9A19103F-16F7-4668-BE54-9A1E7A4F7556}") = "MyCompiler.WebApp.Shared", "MyCompiler.WebApp.Shared\MyCompiler.WebApp.Shared.csproj", "{5EF218DD-1FDD-4139-80D2-70FD69FA3516}"
EndProject
Project("{9A19103F-16F7-4668-BE54-9A1E7A4F7556}") = "MyCompiler.CodeGenaretorCMS", "MyCompiler.CodeGenaretorCMS\MyCompiler.CodeGenaretorCMS.csproj", "{59C3B53D-39E9-44CA-874F-942C22E9CF96}"
EndProject
Project("{FAE04EC0-301F-11D3-BF4B-00C04F79EFBC}") = "MyCompiler.CodeGenerator", "MyCompiler.CodeGenerator\MyCompiler.CodeGenerator.csproj", "{D73D5781-0C8D-47A8-8C68-243203B1876D}"
EndProject
Global
	GlobalSection(SolutionConfigurationPlatforms) = preSolution
		Debug|Any CPU = Debug|Any CPU
		Release|Any CPU = Release|Any CPU
	EndGlobalSection
	GlobalSection(ProjectConfigurationPlatforms) = postSolution
		{14E9CCD2-B2D2-4AC4-BF43-E0299FE8DF70}.Debug|Any CPU.ActiveCfg = Debug|Any CPU
		{14E9CCD2-B2D2-4AC4-BF43-E0299FE8DF70}.Debug|Any CPU.Build.0 = Debug|Any CPU
		{14E9CCD2-B2D2-4AC4-BF43-E0299FE8DF70}.Release|Any CPU.ActiveCfg = Release|Any CPU
		{14E9CCD2-B2D2-4AC4-BF43-E0299FE8DF70}.Release|Any CPU.Build.0 = Release|Any CPU
		{3AB1E7BF-6492-4A1A-9D0F-A844EBB311B0}.Debug|Any CPU.ActiveCfg = Debug|Any CPU
		{3AB1E7BF-6492-4A1A-9D0F-A844EBB311B0}.Debug|Any CPU.Build.0 = Debug|Any CPU
		{3AB1E7BF-6492-4A1A-9D0F-A844EBB311B0}.Release|Any CPU.ActiveCfg = Release|Any CPU
		{3AB1E7BF-6492-4A1A-9D0F-A844EBB311B0}.Release|Any CPU.Build.0 = Release|Any CPU
		{C71EC9FF-67CC-41CE-935C-64673C164F51}.Debug|Any CPU.ActiveCfg = Debug|Any CPU
		{C71EC9FF-67CC-41CE-935C-64673C164F51}.Debug|Any CPU.Build.0 = Debug|Any CPU
		{C71EC9FF-67CC-41CE-935C-64673C164F51}.Release|Any CPU.ActiveCfg = Release|Any CPU
		{C71EC9FF-67CC-41CE-935C-64673C164F51}.Release|Any CPU.Build.0 = Release|Any CPU
		{193AAB04-9A35-43D7-AC46-4A779F11E5BC}.Debug|Any CPU.ActiveCfg = Debug|Any CPU
		{193AAB04-9A35-43D7-AC46-4A779F11E5BC}.Debug|Any CPU.Build.0 = Debug|Any CPU
		{193AAB04-9A35-43D7-AC46-4A779F11E5BC}.Release|Any CPU.ActiveCfg = Release|Any CPU
		{193AAB04-9A35-43D7-AC46-4A779F11E5BC}.Release|Any CPU.Build.0 = Release|Any CPU
		{A4C5741B-D3F4-430D-AD40-66F2232A5B9B}.Debug|Any CPU.ActiveCfg = Debug|Any CPU
		{A4C5741B-D3F4-430D-AD40-66F2232A5B9B}.Debug|Any CPU.Build.0 = Debug|Any CPU
		{A4C5741B-D3F4-430D-AD40-66F2232A5B9B}.Release|Any CPU.ActiveCfg = Release|Any CPU
		{A4C5741B-D3F4-430D-AD40-66F2232A5B9B}.Release|Any CPU.Build.0 = Release|Any CPU
		{99A3B77C-4F0A-4894-B1EE-0B4265E07C07}.Debug|Any CPU.ActiveCfg = Debug|Any CPU
		{99A3B77C-4F0A-4894-B1EE-0B4265E07C07}.Debug|Any CPU.Build.0 = Debug|Any CPU
		{99A3B77C-4F0A-4894-B1EE-0B4265E07C07}.Release|Any CPU.ActiveCfg = Release|Any CPU
		{99A3B77C-4F0A-4894-B1EE-0B4265E07C07}.Release|Any CPU.Build.0 = Release|Any CPU
		{3195F270-4204-46DB-B638-71432D0036A9}.Debug|Any CPU.ActiveCfg = Debug|Any CPU
		{3195F270-4204-46DB-B638-71432D0036A9}.Debug|Any CPU.Build.0 = Debug|Any CPU
		{3195F270-4204-46DB-B638-71432D0036A9}.Release|Any CPU.ActiveCfg = Release|Any CPU
		{3195F270-4204-46DB-B638-71432D0036A9}.Release|Any CPU.Build.0 = Release|Any CPU
		{32BA6901-981C-4ECC-A921-44B012458E17}.Debug|Any CPU.ActiveCfg = Debug|Any CPU
		{32BA6901-981C-4ECC-A921-44B012458E17}.Debug|Any CPU.Build.0 = Debug|Any CPU
		{32BA6901-981C-4ECC-A921-44B012458E17}.Release|Any CPU.ActiveCfg = Release|Any CPU
		{32BA6901-981C-4ECC-A921-44B012458E17}.Release|Any CPU.Build.0 = Release|Any CPU
		{0D8F8498-95FD-4E63-9C73-61AFF5049AE4}.Debug|Any CPU.ActiveCfg = Debug|Any CPU
		{0D8F8498-95FD-4E63-9C73-61AFF5049AE4}.Debug|Any CPU.Build.0 = Debug|Any CPU
		{0D8F8498-95FD-4E63-9C73-61AFF5049AE4}.Release|Any CPU.ActiveCfg = Release|Any CPU
		{0D8F8498-95FD-4E63-9C73-61AFF5049AE4}.Release|Any CPU.Build.0 = Release|Any CPU
		{5EF218DD-1FDD-4139-80D2-70FD69FA3516}.Debug|Any CPU.ActiveCfg = Debug|Any CPU
		{5EF218DD-1FDD-4139-80D2-70FD69FA3516}.Debug|Any CPU.Build.0 = Debug|Any CPU
		{5EF218DD-1FDD-4139-80D2-70FD69FA3516}.Release|Any CPU.ActiveCfg = Release|Any CPU
		{5EF218DD-1FDD-4139-80D2-70FD69FA3516}.Release|Any CPU.Build.0 = Release|Any CPU
		{59C3B53D-39E9-44CA-874F-942C22E9CF96}.Debug|Any CPU.ActiveCfg = Debug|Any CPU
		{59C3B53D-39E9-44CA-874F-942C22E9CF96}.Debug|Any CPU.Build.0 = Debug|Any CPU
		{59C3B53D-39E9-44CA-874F-942C22E9CF96}.Release|Any CPU.ActiveCfg = Release|Any CPU
		{59C3B53D-39E9-44CA-874F-942C22E9CF96}.Release|Any CPU.Build.0 = Release|Any CPU
		{D73D5781-0C8D-47A8-8C68-243203B1876D}.Debug|Any CPU.ActiveCfg = Debug|Any CPU
		{D73D5781-0C8D-47A8-8C68-243203B1876D}.Debug|Any CPU.Build.0 = Debug|Any CPU
		{D73D5781-0C8D-47A8-8C68-243203B1876D}.Release|Any CPU.ActiveCfg = Release|Any CPU
		{D73D5781-0C8D-47A8-8C68-243203B1876D}.Release|Any CPU.Build.0 = Release|Any CPU
	EndGlobalSection
	GlobalSection(SolutionProperties) = preSolution
		HideSolutionNode = FALSE
	EndGlobalSection
	GlobalSection(NestedProjects) = preSolution
		{14E9CCD2-B2D2-4AC4-BF43-E0299FE8DF70} = {D9AB63DF-3859-4866-9C30-3CEC0D82BD7B}
		{C71EC9FF-67CC-41CE-935C-64673C164F51} = {D9AB63DF-3859-4866-9C30-3CEC0D82BD7B}
		{193AAB04-9A35-43D7-AC46-4A779F11E5BC} = {D9AB63DF-3859-4866-9C30-3CEC0D82BD7B}
		{051956FD-5560-4408-BF51-371015D00651} = {D9AB63DF-3859-4866-9C30-3CEC0D82BD7B}
		{32BA6901-981C-4ECC-A921-44B012458E17} = {051956FD-5560-4408-BF51-371015D00651}
		{0D8F8498-95FD-4E63-9C73-61AFF5049AE4} = {051956FD-5560-4408-BF51-371015D00651}
		{5EF218DD-1FDD-4139-80D2-70FD69FA3516} = {051956FD-5560-4408-BF51-371015D00651}
		{59C3B53D-39E9-44CA-874F-942C22E9CF96} = {D9AB63DF-3859-4866-9C30-3CEC0D82BD7B}
	EndGlobalSection
	GlobalSection(ExtensibilityGlobals) = postSolution
		SolutionGuid = {D119D55B-D768-4100-BFA7-610A0C9CC030}
	EndGlobalSection
EndGlobal
